{
  "version": 4,
  "terraform_version": "1.5.7",
  "serial": 334,
  "lineage": "3d3cb0cf-8498-4d2a-1422-d617bd14154f",
  "outputs": {},
  "resources": [
    {
      "module": "module.this",
      "mode": "data",
      "type": "archive_file",
      "name": "notification",
      "provider": "provider[\"registry.terraform.io/hashicorp/archive\"]",
      "instances": [
        {
          "schema_version": 0,
          "attributes": {
            "exclude_symlink_directories": null,
            "excludes": null,
            "id": "a1e51a6a434f6f54de9c16b47ec6add49f2e5ba7",
            "output_base64sha256": "hKyzj1eg1ijsSdnWkU3oIJhgHlR1NHAhpcQaa/r+VXw=",
            "output_base64sha512": "/QPT+STOPg+2FTbvmvZGoO4PF0a6tbs5ISEicjxlbzPcpWlbYrHiVa3cr/0Bc15L9/lpQago68O1tHgWJmVVlw==",
            "output_file_mode": "0755",
            "output_md5": "a8e70611971b30104eeb827a8218ff17",
            "output_path": "../../notification.zip",
            "output_sha": "a1e51a6a434f6f54de9c16b47ec6add49f2e5ba7",
            "output_sha256": "84acb38f57a0d628ec49d9d6914de82098601e5475347021a5c41a6bfafe557c",
            "output_sha512": "fd03d3f924ce3e0fb61536ef9af646a0ee0f1746bab5bb39212122723c656f33dca5695b62b1e255addcaffd01735e4bf7f96941a828ebc3b5b4781626655597",
            "output_size": 559866,
            "source": [],
            "source_content": null,
            "source_content_filename": null,
            "source_dir": "../../python_code",
            "source_file": null,
            "type": "zip"
          },
          "sensitive_attributes": []
        }
      ]
    },
    {
      "module": "module.this",
      "mode": "data",
      "type": "aws_caller_identity",
      "name": "default",
      "provider": "provider[\"registry.terraform.io/hashicorp/aws\"]",
      "instances": [
        {
          "schema_version": 0,
          "attributes": {
            "account_id": "246402711611",
            "arn": "arn:aws:sts::246402711611:assumed-role/AdministratorAccess/aws-go-sdk-1711548749053900000",
            "id": "246402711611",
            "user_id": "AROATSXV7AA5R5KPXJ5NJ:aws-go-sdk-1711548749053900000"
          },
          "sensitive_attributes": []
        }
      ]
    },
    {
      "module": "module.this",
      "mode": "data",
      "type": "aws_iam_policy_document",
      "name": "assume_role_notification",
      "provider": "provider[\"registry.terraform.io/hashicorp/aws\"]",
      "instances": [
        {
          "schema_version": 0,
          "attributes": {
            "id": "2690255455",
            "json": "{\n  \"Version\": \"2012-10-17\",\n  \"Statement\": [\n    {\n      \"Effect\": \"Allow\",\n      \"Action\": \"sts:AssumeRole\",\n      \"Principal\": {\n        \"Service\": \"lambda.amazonaws.com\"\n      }\n    }\n  ]\n}",
            "override_json": null,
            "override_policy_documents": null,
            "policy_id": null,
            "source_json": null,
            "source_policy_documents": null,
            "statement": [
              {
                "actions": [
                  "sts:AssumeRole"
                ],
                "condition": [],
                "effect": "Allow",
                "not_actions": [],
                "not_principals": [],
                "not_resources": [],
                "principals": [
                  {
                    "identifiers": [
                      "lambda.amazonaws.com"
                    ],
                    "type": "Service"
                  }
                ],
                "resources": [],
                "sid": ""
              }
            ],
            "version": "2012-10-17"
          },
          "sensitive_attributes": []
        }
      ]
    },
    {
      "module": "module.this",
      "mode": "data",
      "type": "aws_iam_policy_document",
      "name": "role_notification",
      "provider": "provider[\"registry.terraform.io/hashicorp/aws\"]",
      "instances": [
        {
          "schema_version": 0,
          "attributes": {
            "id": "2365557671",
            "json": "{\n  \"Version\": \"2012-10-17\",\n  \"Statement\": [\n    {\n      \"Effect\": \"Allow\",\n      \"Action\": [\n        \"logs:PutLogEvents\",\n        \"logs:CreateLogStream\"\n      ],\n      \"Resource\": \"arn:aws:logs:eu-west-1:246402711611:log-group:/aws/lambda/AutoTestProject-AutoTestEnv-notification*\"\n    },\n    {\n      \"Effect\": \"Allow\",\n      \"Action\": \"ssm:GetParameter\",\n      \"Resource\": [\n        \"arn:aws:ssm:eu-west-1:246402711611:parameter/AutoTestProject/AutoTestEnv/webhooks/1\",\n        \"arn:aws:ssm:eu-west-1:246402711611:parameter/AutoTestProject/AutoTestEnv/webhooks/0\"\n      ]\n    }\n  ]\n}",
            "override_json": null,
            "override_policy_documents": null,
            "policy_id": null,
            "source_json": null,
            "source_policy_documents": null,
            "statement": [
              {
                "actions": [
                  "logs:CreateLogStream",
                  "logs:PutLogEvents"
                ],
                "condition": [],
                "effect": "Allow",
                "not_actions": [],
                "not_principals": [],
                "not_resources": [],
                "principals": [],
                "resources": [
                  "arn:aws:logs:eu-west-1:246402711611:log-group:/aws/lambda/AutoTestProject-AutoTestEnv-notification*"
                ],
                "sid": ""
              },
              {
                "actions": [
                  "ssm:GetParameter"
                ],
                "condition": [],
                "effect": "Allow",
                "not_actions": [],
                "not_principals": [],
                "not_resources": [],
                "principals": [],
                "resources": [
                  "arn:aws:ssm:eu-west-1:246402711611:parameter/AutoTestProject/AutoTestEnv/webhooks/0",
                  "arn:aws:ssm:eu-west-1:246402711611:parameter/AutoTestProject/AutoTestEnv/webhooks/1"
                ],
                "sid": ""
              }
            ],
            "version": "2012-10-17"
          },
          "sensitive_attributes": []
        }
      ]
    },
    {
      "module": "module.this",
      "mode": "data",
      "type": "aws_iam_policy_document",
      "name": "sns_topic_policy",
      "provider": "provider[\"registry.terraform.io/hashicorp/aws\"]",
      "instances": [
        {
          "schema_version": 0,
          "attributes": {
            "id": "4194671850",
            "json": "{\n  \"Version\": \"2012-10-17\",\n  \"Statement\": [\n    {\n      \"Effect\": \"Allow\",\n      \"Action\": [\n        \"SNS:Subscribe\",\n        \"SNS:SetTopicAttributes\",\n        \"SNS:RemovePermission\",\n        \"SNS:Receive\",\n        \"SNS:Publish\",\n        \"SNS:ListSubscriptionsByTopic\",\n        \"SNS:GetTopicAttributes\",\n        \"SNS:DeleteTopic\",\n        \"SNS:AddPermission\"\n      ],\n      \"Resource\": \"arn:aws:sns:eu-west-1:246402711611:AutoTestProject-AutoTestEnv-notifications\",\n      \"Principal\": {\n        \"AWS\": \"*\"\n      },\n      \"Condition\": {\n        \"StringEquals\": {\n          \"AWS:SourceOwner\": \"246402711611\"\n        }\n      }\n    },\n    {\n      \"Sid\": \"Allow CloudwatchEvents\",\n      \"Effect\": \"Allow\",\n      \"Action\": \"sns:Publish\",\n      \"Resource\": \"arn:aws:sns:eu-west-1:246402711611:AutoTestProject-AutoTestEnv-notifications\",\n      \"Principal\": {\n        \"Service\": \"events.amazonaws.com\"\n      }\n    },\n    {\n      \"Sid\": \"Allow RDS Event Notification\",\n      \"Effect\": \"Allow\",\n      \"Action\": \"sns:Publish\",\n      \"Resource\": \"arn:aws:sns:eu-west-1:246402711611:AutoTestProject-AutoTestEnv-notifications\",\n      \"Principal\": {\n        \"Service\": \"rds.amazonaws.com\"\n      }\n    }\n  ]\n}",
            "override_json": null,
            "override_policy_documents": null,
            "policy_id": null,
            "source_json": null,
            "source_policy_documents": null,
            "statement": [
              {
                "actions": [
                  "SNS:AddPermission",
                  "SNS:DeleteTopic",
                  "SNS:GetTopicAttributes",
                  "SNS:ListSubscriptionsByTopic",
                  "SNS:Publish",
                  "SNS:Receive",
                  "SNS:RemovePermission",
                  "SNS:SetTopicAttributes",
                  "SNS:Subscribe"
                ],
                "condition": [
                  {
                    "test": "StringEquals",
                    "values": [
                      "246402711611"
                    ],
                    "variable": "AWS:SourceOwner"
                  }
                ],
                "effect": "Allow",
                "not_actions": [],
                "not_principals": [],
                "not_resources": [],
                "principals": [
                  {
                    "identifiers": [
                      "*"
                    ],
                    "type": "AWS"
                  }
                ],
                "resources": [
                  "arn:aws:sns:eu-west-1:246402711611:AutoTestProject-AutoTestEnv-notifications"
                ],
                "sid": ""
              },
              {
                "actions": [
                  "sns:Publish"
                ],
                "condition": [],
                "effect": "Allow",
                "not_actions": [],
                "not_principals": [],
                "not_resources": [],
                "principals": [
                  {
                    "identifiers": [
                      "events.amazonaws.com"
                    ],
                    "type": "Service"
                  }
                ],
                "resources": [
                  "arn:aws:sns:eu-west-1:246402711611:AutoTestProject-AutoTestEnv-notifications"
                ],
                "sid": "Allow CloudwatchEvents"
              },
              {
                "actions": [
                  "sns:Publish"
                ],
                "condition": [],
                "effect": "Allow",
                "not_actions": [],
                "not_principals": [],
                "not_resources": [],
                "principals": [
                  {
                    "identifiers": [
                      "rds.amazonaws.com"
                    ],
                    "type": "Service"
                  }
                ],
                "resources": [
                  "arn:aws:sns:eu-west-1:246402711611:AutoTestProject-AutoTestEnv-notifications"
                ],
                "sid": "Allow RDS Event Notification"
              }
            ],
            "version": "2012-10-17"
          },
          "sensitive_attributes": []
        }
      ]
    },
    {
      "module": "module.this",
      "mode": "managed",
      "type": "aws_cloudwatch_log_group",
      "name": "notification",
      "provider": "provider[\"registry.terraform.io/hashicorp/aws\"]",
      "instances": [
        {
          "schema_version": 0,
          "attributes": {
            "arn": "arn:aws:logs:eu-west-1:246402711611:log-group:/aws/lambda/AutoTestProject-AutoTestEnv-notification",
            "id": "/aws/lambda/AutoTestProject-AutoTestEnv-notification",
            "kms_key_id": "",
            "log_group_class": "STANDARD",
            "name": "/aws/lambda/AutoTestProject-AutoTestEnv-notification",
            "name_prefix": "",
            "retention_in_days": 7,
            "skip_destroy": false,
            "tags": null,
            "tags_all": {}
          },
          "sensitive_attributes": [],
          "private": "bnVsbA=="
        }
      ]
    },
    {
      "module": "module.this",
      "mode": "managed",
      "type": "aws_iam_role",
      "name": "notification",
      "provider": "provider[\"registry.terraform.io/hashicorp/aws\"]",
      "instances": [
        {
          "schema_version": 0,
          "attributes": {
            "arn": "arn:aws:iam::246402711611:role/AutoTestProject-AutoTestEnv-notification-role",
            "assume_role_policy": "{\"Statement\":[{\"Action\":\"sts:AssumeRole\",\"Effect\":\"Allow\",\"Principal\":{\"Service\":\"lambda.amazonaws.com\"}}],\"Version\":\"2012-10-17\"}",
            "create_date": "2024-03-27T14:12:32Z",
            "description": "Role used for lambda function AutoTestProject-AutoTestEnv-notification",
            "force_detach_policies": false,
            "id": "AutoTestProject-AutoTestEnv-notification-role",
            "inline_policy": [],
            "managed_policy_arns": [],
            "max_session_duration": 3600,
            "name": "AutoTestProject-AutoTestEnv-notification-role",
            "name_prefix": "",
            "path": "/",
            "permissions_boundary": "",
            "tags": null,
            "tags_all": {},
            "unique_id": "AROATSXV7AA5WPC4DININ"
          },
          "sensitive_attributes": [],
          "private": "bnVsbA==",
          "dependencies": [
            "module.this.data.aws_iam_policy_document.assume_role_notification"
          ]
        }
      ]
    },
    {
      "module": "module.this",
      "mode": "managed",
      "type": "aws_iam_role_policy",
      "name": "notification",
      "provider": "provider[\"registry.terraform.io/hashicorp/aws\"]",
      "instances": [
        {
          "schema_version": 0,
          "attributes": {
            "id": "AutoTestProject-AutoTestEnv-notification-role:AutoTestProject-AutoTestEnv-notification-policy",
            "name": "AutoTestProject-AutoTestEnv-notification-policy",
            "name_prefix": "",
            "policy": "{\"Version\":\"2012-10-17\",\"Statement\":[{\"Action\":[\"logs:PutLogEvents\",\"logs:CreateLogStream\"],\"Effect\":\"Allow\",\"Resource\":\"arn:aws:logs:eu-west-1:246402711611:log-group:/aws/lambda/AutoTestProject-AutoTestEnv-notification*\"},{\"Action\":\"ssm:GetParameter\",\"Effect\":\"Allow\",\"Resource\":[\"arn:aws:ssm:eu-west-1:246402711611:parameter/AutoTestProject/AutoTestEnv/webhooks/1\",\"arn:aws:ssm:eu-west-1:246402711611:parameter/AutoTestProject/AutoTestEnv/webhooks/0\"]}]}",
            "role": "AutoTestProject-AutoTestEnv-notification-role"
          },
          "sensitive_attributes": [],
          "private": "bnVsbA==",
          "dependencies": [
            "module.this.aws_cloudwatch_log_group.notification",
            "module.this.aws_iam_role.notification",
            "module.this.aws_ssm_parameter.webhooks",
            "module.this.data.aws_iam_policy_document.assume_role_notification",
            "module.this.data.aws_iam_policy_document.role_notification"
          ]
        }
      ]
    },
    {
      "module": "module.this",
      "mode": "managed",
      "type": "aws_lambda_function",
      "name": "notification",
      "provider": "provider[\"registry.terraform.io/hashicorp/aws\"]",
      "instances": [
        {
          "schema_version": 0,
          "attributes": {
            "architectures": [
              "x86_64"
            ],
            "arn": "arn:aws:lambda:eu-west-1:246402711611:function:AutoTestProject-AutoTestEnv-notification",
            "code_signing_config_arn": "",
            "dead_letter_config": [],
            "description": "",
            "environment": [
              {
                "variables": {
                  "WEBHOOKS": "arn:aws:ssm:eu-west-1:246402711611:parameter/AutoTestProject/AutoTestEnv/webhooks/0,arn:aws:ssm:eu-west-1:246402711611:parameter/AutoTestProject/AutoTestEnv/webhooks/1"
                }
              }
            ],
            "ephemeral_storage": [
              {
                "size": 512
              }
            ],
            "file_system_config": [],
            "filename": "../../notification.zip",
            "function_name": "AutoTestProject-AutoTestEnv-notification",
            "handler": "main.lambda_handler",
            "id": "AutoTestProject-AutoTestEnv-notification",
            "image_config": [],
            "image_uri": "",
            "invoke_arn": "arn:aws:apigateway:eu-west-1:lambda:path/2015-03-31/functions/arn:aws:lambda:eu-west-1:246402711611:function:AutoTestProject-AutoTestEnv-notification/invocations",
            "kms_key_arn": "",
            "last_modified": "2024-03-27T14:12:41.964+0000",
            "layers": null,
            "logging_config": [
              {
                "application_log_level": "",
                "log_format": "Text",
                "log_group": "/aws/lambda/AutoTestProject-AutoTestEnv-notification",
                "system_log_level": ""
              }
            ],
            "memory_size": 128,
            "package_type": "Zip",
            "publish": false,
            "qualified_arn": "arn:aws:lambda:eu-west-1:246402711611:function:AutoTestProject-AutoTestEnv-notification:$LATEST",
            "qualified_invoke_arn": "arn:aws:apigateway:eu-west-1:lambda:path/2015-03-31/functions/arn:aws:lambda:eu-west-1:246402711611:function:AutoTestProject-AutoTestEnv-notification:$LATEST/invocations",
            "replace_security_groups_on_destroy": null,
            "replacement_security_group_ids": null,
            "reserved_concurrent_executions": -1,
            "role": "arn:aws:iam::246402711611:role/AutoTestProject-AutoTestEnv-notification-role",
            "runtime": "python3.9",
            "s3_bucket": null,
            "s3_key": null,
            "s3_object_version": null,
            "signing_job_arn": "",
            "signing_profile_version_arn": "",
            "skip_destroy": false,
            "snap_start": [],
            "source_code_hash": "hKyzj1eg1ijsSdnWkU3oIJhgHlR1NHAhpcQaa/r+VXw=",
            "source_code_size": 559866,
            "tags": null,
            "tags_all": {},
            "timeout": 3,
            "timeouts": null,
            "tracing_config": [
              {
                "mode": "PassThrough"
              }
            ],
            "version": "$LATEST",
            "vpc_config": []
          },
          "sensitive_attributes": [],
          "private": "eyJlMmJmYjczMC1lY2FhLTExZTYtOGY4OC0zNDM2M2JjN2M0YzAiOnsiY3JlYXRlIjo2MDAwMDAwMDAwMDAsImRlbGV0ZSI6NjAwMDAwMDAwMDAwLCJ1cGRhdGUiOjYwMDAwMDAwMDAwMH19",
          "dependencies": [
            "module.this.aws_cloudwatch_log_group.notification",
            "module.this.aws_iam_role.notification",
            "module.this.aws_ssm_parameter.webhooks",
            "module.this.data.archive_file.notification",
            "module.this.data.aws_iam_policy_document.assume_role_notification"
          ]
        }
      ]
    },
    {
      "module": "module.this",
      "mode": "managed",
      "type": "aws_lambda_permission",
      "name": "sns",
      "provider": "provider[\"registry.terraform.io/hashicorp/aws\"]",
      "instances": [
        {
          "schema_version": 0,
          "attributes": {
            "action": "lambda:InvokeFunction",
            "event_source_token": null,
            "function_name": "AutoTestProject-AutoTestEnv-notification",
            "function_url_auth_type": null,
            "id": "AllowExecutionFromSNSErrors",
            "principal": "sns.amazonaws.com",
            "principal_org_id": null,
            "qualifier": "",
            "source_account": null,
            "source_arn": "arn:aws:sns:eu-west-1:246402711611:AutoTestProject-AutoTestEnv-notifications",
            "statement_id": "AllowExecutionFromSNSErrors",
            "statement_id_prefix": ""
          },
          "sensitive_attributes": [],
          "private": "bnVsbA==",
          "dependencies": [
            "module.this.aws_cloudwatch_log_group.notification",
            "module.this.aws_iam_role.notification",
            "module.this.aws_lambda_function.notification",
            "module.this.aws_sns_topic.main",
            "module.this.aws_ssm_parameter.webhooks",
            "module.this.data.archive_file.notification",
            "module.this.data.aws_iam_policy_document.assume_role_notification"
          ]
        }
      ]
    },
    {
      "module": "module.this",
      "mode": "managed",
      "type": "aws_sns_topic",
      "name": "main",
      "provider": "provider[\"registry.terraform.io/hashicorp/aws\"]",
      "instances": [
        {
          "schema_version": 0,
          "attributes": {
            "application_failure_feedback_role_arn": "",
            "application_success_feedback_role_arn": "",
            "application_success_feedback_sample_rate": 0,
            "archive_policy": "",
            "arn": "arn:aws:sns:eu-west-1:246402711611:AutoTestProject-AutoTestEnv-notifications",
            "beginning_archive_time": "",
            "content_based_deduplication": false,
            "delivery_policy": "",
            "display_name": "",
            "fifo_topic": false,
            "firehose_failure_feedback_role_arn": "",
            "firehose_success_feedback_role_arn": "",
            "firehose_success_feedback_sample_rate": 0,
            "http_failure_feedback_role_arn": "",
            "http_success_feedback_role_arn": "",
            "http_success_feedback_sample_rate": 0,
            "id": "arn:aws:sns:eu-west-1:246402711611:AutoTestProject-AutoTestEnv-notifications",
            "kms_master_key_id": "",
            "lambda_failure_feedback_role_arn": "",
            "lambda_success_feedback_role_arn": "",
            "lambda_success_feedback_sample_rate": 0,
            "name": "AutoTestProject-AutoTestEnv-notifications",
            "name_prefix": "",
            "owner": "246402711611",
            "policy": "{\"Id\":\"__default_policy_ID\",\"Statement\":[{\"Action\":[\"SNS:GetTopicAttributes\",\"SNS:SetTopicAttributes\",\"SNS:AddPermission\",\"SNS:RemovePermission\",\"SNS:DeleteTopic\",\"SNS:Subscribe\",\"SNS:ListSubscriptionsByTopic\",\"SNS:Publish\"],\"Condition\":{\"StringEquals\":{\"AWS:SourceOwner\":\"246402711611\"}},\"Effect\":\"Allow\",\"Principal\":{\"AWS\":\"*\"},\"Resource\":\"arn:aws:sns:eu-west-1:246402711611:AutoTestProject-AutoTestEnv-notifications\",\"Sid\":\"__default_statement_ID\"}],\"Version\":\"2008-10-17\"}",
            "signature_version": 0,
            "sqs_failure_feedback_role_arn": "",
            "sqs_success_feedback_role_arn": "",
            "sqs_success_feedback_sample_rate": 0,
            "tags": null,
            "tags_all": {},
            "tracing_config": ""
          },
          "sensitive_attributes": [],
          "private": "bnVsbA=="
        }
      ]
    },
    {
      "module": "module.this",
      "mode": "managed",
      "type": "aws_sns_topic_policy",
      "name": "alarm",
      "provider": "provider[\"registry.terraform.io/hashicorp/aws\"]",
      "instances": [
        {
          "schema_version": 0,
          "attributes": {
            "arn": "arn:aws:sns:eu-west-1:246402711611:AutoTestProject-AutoTestEnv-notifications",
            "id": "arn:aws:sns:eu-west-1:246402711611:AutoTestProject-AutoTestEnv-notifications",
            "owner": "246402711611",
            "policy": "{\"Statement\":[{\"Action\":[\"SNS:Subscribe\",\"SNS:SetTopicAttributes\",\"SNS:RemovePermission\",\"SNS:Receive\",\"SNS:Publish\",\"SNS:ListSubscriptionsByTopic\",\"SNS:GetTopicAttributes\",\"SNS:DeleteTopic\",\"SNS:AddPermission\"],\"Condition\":{\"StringEquals\":{\"AWS:SourceOwner\":\"246402711611\"}},\"Effect\":\"Allow\",\"Principal\":{\"AWS\":\"*\"},\"Resource\":\"arn:aws:sns:eu-west-1:246402711611:AutoTestProject-AutoTestEnv-notifications\"},{\"Action\":\"sns:Publish\",\"Effect\":\"Allow\",\"Principal\":{\"Service\":\"events.amazonaws.com\"},\"Resource\":\"arn:aws:sns:eu-west-1:246402711611:AutoTestProject-AutoTestEnv-notifications\",\"Sid\":\"Allow CloudwatchEvents\"},{\"Action\":\"sns:Publish\",\"Effect\":\"Allow\",\"Principal\":{\"Service\":\"rds.amazonaws.com\"},\"Resource\":\"arn:aws:sns:eu-west-1:246402711611:AutoTestProject-AutoTestEnv-notifications\",\"Sid\":\"Allow RDS Event Notification\"}],\"Version\":\"2012-10-17\"}"
          },
          "sensitive_attributes": [],
          "private": "bnVsbA==",
          "dependencies": [
            "module.this.aws_sns_topic.main",
            "module.this.data.aws_caller_identity.default",
            "module.this.data.aws_iam_policy_document.sns_topic_policy"
          ]
        }
      ]
    },
    {
      "module": "module.this",
      "mode": "managed",
      "type": "aws_sns_topic_subscription",
      "name": "lambda_subscription",
      "provider": "provider[\"registry.terraform.io/hashicorp/aws\"]",
      "instances": [
        {
          "schema_version": 0,
          "attributes": {
            "arn": "arn:aws:sns:eu-west-1:246402711611:AutoTestProject-AutoTestEnv-notifications:fa8938f3-b4d0-4bdb-9704-3315ee739782",
            "confirmation_timeout_in_minutes": 1,
            "confirmation_was_authenticated": true,
            "delivery_policy": "",
            "endpoint": "arn:aws:lambda:eu-west-1:246402711611:function:AutoTestProject-AutoTestEnv-notification",
            "endpoint_auto_confirms": false,
            "filter_policy": "",
            "filter_policy_scope": "",
            "id": "arn:aws:sns:eu-west-1:246402711611:AutoTestProject-AutoTestEnv-notifications:fa8938f3-b4d0-4bdb-9704-3315ee739782",
            "owner_id": "246402711611",
            "pending_confirmation": false,
            "protocol": "lambda",
            "raw_message_delivery": false,
            "redrive_policy": "",
            "replay_policy": "",
            "subscription_role_arn": "",
            "topic_arn": "arn:aws:sns:eu-west-1:246402711611:AutoTestProject-AutoTestEnv-notifications"
          },
          "sensitive_attributes": [],
          "private": "bnVsbA==",
          "dependencies": [
            "module.this.aws_cloudwatch_log_group.notification",
            "module.this.aws_iam_role.notification",
            "module.this.aws_lambda_function.notification",
            "module.this.aws_sns_topic.main",
            "module.this.aws_ssm_parameter.webhooks",
            "module.this.data.archive_file.notification",
            "module.this.data.aws_iam_policy_document.assume_role_notification"
          ]
        }
      ]
    },
    {
      "module": "module.this",
      "mode": "managed",
      "type": "aws_ssm_parameter",
      "name": "webhooks",
      "provider": "provider[\"registry.terraform.io/hashicorp/aws\"]",
      "instances": [
        {
          "index_key": 0,
          "schema_version": 0,
          "attributes": {
            "allowed_pattern": "",
            "arn": "arn:aws:ssm:eu-west-1:246402711611:parameter/AutoTestProject/AutoTestEnv/webhooks/0",
            "data_type": "text",
            "description": "",
            "id": "/AutoTestProject/AutoTestEnv/webhooks/0",
            "insecure_value": null,
            "key_id": "alias/aws/ssm",
            "name": "/AutoTestProject/AutoTestEnv/webhooks/0",
            "overwrite": null,
            "tags": null,
            "tags_all": {},
            "tier": "Standard",
            "type": "SecureString",
            "value": "test_hook_1",
            "version": 1
          },
          "sensitive_attributes": [],
          "private": "bnVsbA=="
        },
        {
          "index_key": 1,
          "schema_version": 0,
          "attributes": {
            "allowed_pattern": "",
            "arn": "arn:aws:ssm:eu-west-1:246402711611:parameter/AutoTestProject/AutoTestEnv/webhooks/1",
            "data_type": "text",
            "description": "",
            "id": "/AutoTestProject/AutoTestEnv/webhooks/1",
            "insecure_value": null,
            "key_id": "alias/aws/ssm",
            "name": "/AutoTestProject/AutoTestEnv/webhooks/1",
            "overwrite": null,
            "tags": null,
            "tags_all": {},
            "tier": "Standard",
            "type": "SecureString",
            "value": "test_hook_2",
            "version": 1
          },
          "sensitive_attributes": [],
          "private": "bnVsbA=="
        }
      ]
    }
  ],
  "check_results": null
}
